{
  "nodes": {
    "flake-utils": {
      "locked": {
        "lastModified": 1667395993,
        "narHash": "sha256-nuEHfE/LcWyuSWnS8t12N1wc105Qtau+/OdUAjtQ0rA=",
        "owner": "numtide",
        "repo": "flake-utils",
        "rev": "5aed5285a952e0b949eb3ba02c12fa4fcfef535f",
        "type": "github"
      },
      "original": {
        "owner": "numtide",
        "repo": "flake-utils",
        "type": "github"
      }
    },
    "nixpkgs": {
      "locked": {
        "lastModified": 1673947312,
        "narHash": "sha256-xx/2nRwRy3bXrtry6TtydKpJpqHahjuDB5sFkQ/XNDE=",
        "owner": "NixOS",
        "repo": "nixpkgs",
        "rev": "2d38b664b4400335086a713a0036aafaa002c003",
        "type": "github"
      },
      "original": {
        "id": "nixpkgs",
        "type": "indirect"
      }
    },
    "root": {
      "inputs": {
        "flake-utils": "flake-utils",
        "nixpkgs": "nixpkgs",
        "supabase-cli": "supabase-cli"
      }
    },
    "supabase-cli": {
      "flake": false,
      "locked": {
        "lastModified": 1673594697,
        "narHash": "sha256-KU2zxkHYv/BZqwHf74t235TdW2W1bdeANnlIvo5qOUI=",
        "owner": "supabase",
        "repo": "cli",
        "rev": "66b7532aa520dad4e2e6c25d87e8d1b5ed6a8aa2",
        "type": "github"
      },
      "original": {
        "owner": "supabase",
        "ref": "v1.33.0",
        "repo": "cli",
        "type": "github"
      }
    }
  },
  "root": "root",
  "version": 7
}
